
Microsoft Visual Studio Solution File, Format Version 12.00
# Visual Studio 15
VisualStudioVersion = 15.0.28307.1169
MinimumVisualStudioVersion = 10.0.40219.1
Project("{FAE04EC0-301F-11D3-BF4B-00C04F79EFBC}") = "StudentProject", "StudentProject\StudentProject.csproj", "{CB63415D-B0B1-4F77-91F6-FB8A2497FDE6}"
EndProject
Project("{FAE04EC0-301F-11D3-BF4B-00C04F79EFBC}") = "UnitTestStudentProject", "UnitTestStudentProject\UnitTestStudentProject.csproj", "{200D2167-9AE9-4E36-A90C-80E63735D102}"
EndProject
Global
	GlobalSection(SolutionConfigurationPlatforms) = preSolution
		Debug|Any CPU = Debug|Any CPU
		Release|Any CPU = Release|Any CPU
	EndGlobalSection
	GlobalSection(ProjectConfigurationPlatforms) = postSolution
		{CB63415D-B0B1-4F77-91F6-FB8A2497FDE6}.Debug|Any CPU.ActiveCfg = Debug|Any CPU
		{CB63415D-B0B1-4F77-91F6-FB8A2497FDE6}.Debug|Any CPU.Build.0 = Debug|Any CPU
		{CB63415D-B0B1-4F77-91F6-FB8A2497FDE6}.Release|Any CPU.ActiveCfg = Release|Any CPU
		{CB63415D-B0B1-4F77-91F6-FB8A2497FDE6}.Release|Any CPU.Build.0 = Release|Any CPU
		{200D2167-9AE9-4E36-A90C-80E63735D102}.Debug|Any CPU.ActiveCfg = Debug|Any CPU
		{200D2167-9AE9-4E36-A90C-80E63735D102}.Debug|Any CPU.Build.0 = Debug|Any CPU
		{200D2167-9AE9-4E36-A90C-80E63735D102}.Release|Any CPU.ActiveCfg = Release|Any CPU
		{200D2167-9AE9-4E36-A90C-80E63735D102}.Release|Any CPU.Build.0 = Release|Any CPU
	EndGlobalSection
	GlobalSection(SolutionProperties) = preSolution
		HideSolutionNode = FALSE
	EndGlobalSection
	GlobalSection(ExtensibilityGlobals) = postSolution
		SolutionGuid = {EF78E269-E1A9-47F3-BE9C-96D0A317BED3}
	EndGlobalSection
EndGlobal
